
Microsoft Visual Studio Solution File, Format Version 12.00
# Visual Studio 15
VisualStudioVersion = 15.0.28010.2041
MinimumVisualStudioVersion = 10.0.40219.1
Project("{FAE04EC0-301F-11D3-BF4B-00C04F79EFBC}") = "ChatMVC", "ChatMVC\ChatMVC.csproj", "{F83CA024-979E-4A97-BAF5-6218CBF595BE}"
EndProject
Global
	GlobalSection(SolutionConfigurationPlatforms) = preSolution
		Debug|Any CPU = Debug|Any CPU
		Release|Any CPU = Release|Any CPU
	EndGlobalSection
	GlobalSection(ProjectConfigurationPlatforms) = postSolution
		{F83CA024-979E-4A97-BAF5-6218CBF595BE}.Debug|Any CPU.ActiveCfg = Debug|Any CPU
		{F83CA024-979E-4A97-BAF5-6218CBF595BE}.Debug|Any CPU.Build.0 = Debug|Any CPU
		{F83CA024-979E-4A97-BAF5-6218CBF595BE}.Release|Any CPU.ActiveCfg = Release|Any CPU
		{F83CA024-979E-4A97-BAF5-6218CBF595BE}.Release|Any CPU.Build.0 = Release|Any CPU
	EndGlobalSection
	GlobalSection(SolutionProperties) = preSolution
		HideSolutionNode = FALSE
	EndGlobalSection
	GlobalSection(ExtensibilityGlobals) = postSolution
		SolutionGuid = {BE0A2149-46EC-467E-8C9A-8E52E2FC5029}
	EndGlobalSection
EndGlobal
